
Microsoft Visual Studio Solution File, Format Version 12.00
# Visual Studio Version 17
VisualStudioVersion = 17.0.32014.148
MinimumVisualStudioVersion = 10.0.40219.1
Project("{9A19103F-16F7-4668-BE54-9A1E7A4F7556}") = "Tesnem.Api", "Tesnem.Api\Tesnem.Api.csproj", "{16DCD5B1-F109-4FD5-900D-FBEA52C30EFE}"
EndProject
Project("{2150E333-8FDC-42A3-9474-1A3956D46DE8}") = "Solution Items", "Solution Items", "{107C8F99-E5D6-42EB-9FCD-87094ADE8609}"
	ProjectSection(SolutionItems) = preProject
		.gitignore = .gitignore
		.github\workflows\cicd.yml = .github\workflows\cicd.yml
		.github\workflows\publish.yml = .github\workflows\publish.yml
		README.md = README.md
	EndProjectSection
EndProject
Project("{9A19103F-16F7-4668-BE54-9A1E7A4F7556}") = "Tesnem.Api.Domain", "Tesnem.Api.Domain\Tesnem.Api.Domain.csproj", "{3A79C261-8415-4FF7-9B82-26F95E70C867}"
EndProject
Project("{9A19103F-16F7-4668-BE54-9A1E7A4F7556}") = "Tesnem.Api.Data", "Tesnem.Api.Data\Tesnem.Api.Data.csproj", "{C1C790EA-F05D-4EB7-9B8B-663290A1ADB2}"
EndProject
Project("{9A19103F-16F7-4668-BE54-9A1E7A4F7556}") = "Tesnem.Api.Services", "Tesnem.Api.Services\Tesnem.Api.Services.csproj", "{1DF4C324-43A1-43AC-BD68-C701FE27BE8B}"
EndProject
Global
	GlobalSection(SolutionConfigurationPlatforms) = preSolution
		Debug|Any CPU = Debug|Any CPU
		Release|Any CPU = Release|Any CPU
	EndGlobalSection
	GlobalSection(ProjectConfigurationPlatforms) = postSolution
		{16DCD5B1-F109-4FD5-900D-FBEA52C30EFE}.Debug|Any CPU.ActiveCfg = Debug|Any CPU
		{16DCD5B1-F109-4FD5-900D-FBEA52C30EFE}.Debug|Any CPU.Build.0 = Debug|Any CPU
		{16DCD5B1-F109-4FD5-900D-FBEA52C30EFE}.Release|Any CPU.ActiveCfg = Release|Any CPU
		{16DCD5B1-F109-4FD5-900D-FBEA52C30EFE}.Release|Any CPU.Build.0 = Release|Any CPU
		{3A79C261-8415-4FF7-9B82-26F95E70C867}.Debug|Any CPU.ActiveCfg = Debug|Any CPU
		{3A79C261-8415-4FF7-9B82-26F95E70C867}.Debug|Any CPU.Build.0 = Debug|Any CPU
		{3A79C261-8415-4FF7-9B82-26F95E70C867}.Release|Any CPU.ActiveCfg = Release|Any CPU
		{3A79C261-8415-4FF7-9B82-26F95E70C867}.Release|Any CPU.Build.0 = Release|Any CPU
		{C1C790EA-F05D-4EB7-9B8B-663290A1ADB2}.Debug|Any CPU.ActiveCfg = Debug|Any CPU
		{C1C790EA-F05D-4EB7-9B8B-663290A1ADB2}.Debug|Any CPU.Build.0 = Debug|Any CPU
		{C1C790EA-F05D-4EB7-9B8B-663290A1ADB2}.Release|Any CPU.ActiveCfg = Release|Any CPU
		{C1C790EA-F05D-4EB7-9B8B-663290A1ADB2}.Release|Any CPU.Build.0 = Release|Any CPU
		{1DF4C324-43A1-43AC-BD68-C701FE27BE8B}.Debug|Any CPU.ActiveCfg = Debug|Any CPU
		{1DF4C324-43A1-43AC-BD68-C701FE27BE8B}.Debug|Any CPU.Build.0 = Debug|Any CPU
		{1DF4C324-43A1-43AC-BD68-C701FE27BE8B}.Release|Any CPU.ActiveCfg = Release|Any CPU
		{1DF4C324-43A1-43AC-BD68-C701FE27BE8B}.Release|Any CPU.Build.0 = Release|Any CPU
	EndGlobalSection
	GlobalSection(SolutionProperties) = preSolution
		HideSolutionNode = FALSE
	EndGlobalSection
	GlobalSection(ExtensibilityGlobals) = postSolution
		SolutionGuid = {24E05F25-01B3-4C85-A9FF-3D607DFF56EB}
	EndGlobalSection
EndGlobal
