
Microsoft Visual Studio Solution File, Format Version 12.00
# Visual Studio Version 17
VisualStudioVersion = 17.0.32014.148
MinimumVisualStudioVersion = 10.0.40219.1
Project("{FAE04EC0-301F-11D3-BF4B-00C04F79EFBC}") = "Tesnem.Api", "Tesnem.Api\Tesnem.Api.csproj", "{16DCD5B1-F109-4FD5-900D-FBEA52C30EFE}"
EndProject
Global
	GlobalSection(SolutionConfigurationPlatforms) = preSolution
		Debug|Any CPU = Debug|Any CPU
		Release|Any CPU = Release|Any CPU
	EndGlobalSection
	GlobalSection(ProjectConfigurationPlatforms) = postSolution
		{16DCD5B1-F109-4FD5-900D-FBEA52C30EFE}.Debug|Any CPU.ActiveCfg = Debug|Any CPU
		{16DCD5B1-F109-4FD5-900D-FBEA52C30EFE}.Debug|Any CPU.Build.0 = Debug|Any CPU
		{16DCD5B1-F109-4FD5-900D-FBEA52C30EFE}.Release|Any CPU.ActiveCfg = Release|Any CPU
		{16DCD5B1-F109-4FD5-900D-FBEA52C30EFE}.Release|Any CPU.Build.0 = Release|Any CPU
	EndGlobalSection
	GlobalSection(SolutionProperties) = preSolution
		HideSolutionNode = FALSE
	EndGlobalSection
	GlobalSection(ExtensibilityGlobals) = postSolution
		SolutionGuid = {24E05F25-01B3-4C85-A9FF-3D607DFF56EB}
	EndGlobalSection
EndGlobal
